// !$*UTF8*$!
{
	archiveVersion = 1;
	classes = {
	};
	objectVersion = 48;
	objects = {

/* Begin PBXBuildFile section */
		CFDFA5551F90D58600E1DEE7 /* AppDelegate.m in Sources */ = {isa = PBXBuildFile; fileRef = CFDFA5541F90D58500E1DEE7 /* AppDelegate.m */; };
		CFDFA5581F90D58600E1DEE7 /* ViewController.m in Sources */ = {isa = PBXBuildFile; fileRef = CFDFA5571F90D58600E1DEE7 /* ViewController.m */; };
		CFDFA55B1F90D58600E1DEE7 /* Main.storyboard in Resources */ = {isa = PBXBuildFile; fileRef = CFDFA5591F90D58600E1DEE7 /* Main.storyboard */; };
		CFDFA55D1F90D58600E1DEE7 /* Assets.xcassets in Resources */ = {isa = PBXBuildFile; fileRef = CFDFA55C1F90D58600E1DEE7 /* Assets.xcassets */; };
		CFDFA5601F90D58600E1DEE7 /* LaunchScreen.storyboard in Resources */ = {isa = PBXBuildFile; fileRef = CFDFA55E1F90D58600E1DEE7 /* LaunchScreen.storyboard */; };
		CFDFA5631F90D58600E1DEE7 /* main.m in Sources */ = {isa = PBXBuildFile; fileRef = CFDFA5621F90D58600E1DEE7 /* main.m */; settings = {COMPILER_FLAGS = "-fno-objc-arc"; }; };
		CFFA40E61F934FEA004818CD /* Student2.m in Sources */ = {isa = PBXBuildFile; fileRef = CFFA40E51F934FEA004818CD /* Student2.m */; };
		CFFA40E91F937B75004818CD /* animal.m in Sources */ = {isa = PBXBuildFile; fileRef = CFFA40E81F937B75004818CD /* animal.m */; };
/* End PBXBuildFile section */

/* Begin PBXFileReference section */
		CFDFA5501F90D58500E1DEE7 /* myfirstapp.app */ = {isa = PBXFileReference; explicitFileType = wrapper.application; includeInIndex = 0; path = myfirstapp.app; sourceTree = BUILT_PRODUCTS_DIR; };
		CFDFA5531F90D58500E1DEE7 /* AppDelegate.h */ = {isa = PBXFileReference; lastKnownFileType = sourcecode.c.h; path = AppDelegate.h; sourceTree = "<group>"; };
		CFDFA5541F90D58500E1DEE7 /* AppDelegate.m */ = {isa = PBXFileReference; lastKnownFileType = sourcecode.c.objc; path = AppDelegate.m; sourceTree = "<group>"; };
		CFDFA5561F90D58600E1DEE7 /* ViewController.h */ = {isa = PBXFileReference; lastKnownFileType = sourcecode.c.h; path = ViewController.h; sourceTree = "<group>"; };
		CFDFA5571F90D58600E1DEE7 /* ViewController.m */ = {isa = PBXFileReference; lastKnownFileType = sourcecode.c.objc; path = ViewController.m; sourceTree = "<group>"; };
		CFDFA55A1F90D58600E1DEE7 /* Base */ = {isa = PBXFileReference; lastKnownFileType = file.storyboard; name = Base; path = Base.lproj/Main.storyboard; sourceTree = "<group>"; };
		CFDFA55C1F90D58600E1DEE7 /* Assets.xcassets */ = {isa = PBXFileReference; lastKnownFileType = folder.assetcatalog; path = Assets.xcassets; sourceTree = "<group>"; };
		CFDFA55F1F90D58600E1DEE7 /* Base */ = {isa = PBXFileReference; lastKnownFileType = file.storyboard; name = Base; path = Base.lproj/LaunchScreen.storyboard; sourceTree = "<group>"; };
		CFDFA5611F90D58600E1DEE7 /* Info.plist */ = {isa = PBXFileReference; lastKnownFileType = text.plist.xml; path = Info.plist; sourceTree = "<group>"; };
		CFDFA5621F90D58600E1DEE7 /* main.m */ = {isa = PBXFileReference; lastKnownFileType = sourcecode.c.objc; path = main.m; sourceTree = "<group>"; };
		CFFA40E41F934FEA004818CD /* Student2.h */ = {isa = PBXFileReference; lastKnownFileType = sourcecode.c.h; path = Student2.h; sourceTree = "<group>"; };
		CFFA40E51F934FEA004818CD /* Student2.m */ = {isa = PBXFileReference; lastKnownFileType = sourcecode.c.objc; path = Student2.m; sourceTree = "<group>"; };
		CFFA40E71F937B75004818CD /* animal.h */ = {isa = PBXFileReference; lastKnownFileType = sourcecode.c.h; path = animal.h; sourceTree = "<group>"; };
		CFFA40E81F937B75004818CD /* animal.m */ = {isa = PBXFileReference; lastKnownFileType = sourcecode.c.objc; path = animal.m; sourceTree = "<group>"; };
/* End PBXFileReference section */

/* Begin PBXFrameworksBuildPhase section */
		CFDFA54D1F90D58500E1DEE7 /* Frameworks */ = {
			isa = PBXFrameworksBuildPhase;
			buildActionMask = 2147483647;
			files = (
			);
			runOnlyForDeploymentPostprocessing = 0;
		};
/* End PBXFrameworksBuildPhase section */

/* Begin PBXGroup section */
		CFDFA5471F90D58500E1DEE7 = {
			isa = PBXGroup;
			children = (
				CFFA40E71F937B75004818CD /* animal.h */,
				CFFA40E81F937B75004818CD /* animal.m */,
				CFFA40E41F934FEA004818CD /* Student2.h */,
				CFFA40E51F934FEA004818CD /* Student2.m */,
				CFDFA5521F90D58500E1DEE7 /* myfirstapp */,
				CFDFA5511F90D58500E1DEE7 /* Products */,
			);
			sourceTree = "<group>";
		};
		CFDFA5511F90D58500E1DEE7 /* Products */ = {
			isa = PBXGroup;
			children = (
				CFDFA5501F90D58500E1DEE7 /* myfirstapp.app */,
			);
			name = Products;
			sourceTree = "<group>";
		};
		CFDFA5521F90D58500E1DEE7 /* myfirstapp */ = {
			isa = PBXGroup;
			children = (
				CFDFA5531F90D58500E1DEE7 /* AppDelegate.h */,
				CFDFA5541F90D58500E1DEE7 /* AppDelegate.m */,
				CFDFA5561F90D58600E1DEE7 /* ViewController.h */,
				CFDFA5571F90D58600E1DEE7 /* ViewController.m */,
				CFDFA5591F90D58600E1DEE7 /* Main.storyboard */,
				CFDFA55C1F90D58600E1DEE7 /* Assets.xcassets */,
				CFDFA55E1F90D58600E1DEE7 /* LaunchScreen.storyboard */,
				CFDFA5611F90D58600E1DEE7 /* Info.plist */,
				CFDFA5621F90D58600E1DEE7 /* main.m */,
			);
			path = myfirstapp;
			sourceTree = "<group>";
		};
/* End PBXGroup section */

/* Begin PBXNativeTarget section */
		CFDFA54F1F90D58500E1DEE7 /* myfirstapp */ = {
			isa = PBXNativeTarget;
			buildConfigurationList = CFDFA5661F90D58600E1DEE7 /* Build configuration list for PBXNativeTarget "myfirstapp" */;
			buildPhases = (
				CFDFA54C1F90D58500E1DEE7 /* Sources */,
				CFDFA54D1F90D58500E1DEE7 /* Frameworks */,
				CFDFA54E1F90D58500E1DEE7 /* Resources */,
			);
			buildRules = (
			);
			dependencies = (
			);
			name = myfirstapp;
			productName = myfirstapp;
			productReference = CFDFA5501F90D58500E1DEE7 /* myfirstapp.app */;
			productType = "com.apple.product-type.application";
		};
/* End PBXNativeTarget section */

/* Begin PBXProject section */
		CFDFA5481F90D58500E1DEE7 /* Project object */ = {
			isa = PBXProject;
			attributes = {
				LastUpgradeCheck = 0900;
				ORGANIZATIONNAME = liutao;
				TargetAttributes = {
					CFDFA54F1F90D58500E1DEE7 = {
						CreatedOnToolsVersion = 9.0;
						ProvisioningStyle = Automatic;
					};
				};
			};
			buildConfigurationList = CFDFA54B1F90D58500E1DEE7 /* Build configuration list for PBXProject "myfirstapp" */;
			compatibilityVersion = "Xcode 8.0";
			developmentRegion = en;
			hasScannedForEncodings = 0;
			knownRegions = (
				en,
				Base,
			);
			mainGroup = CFDFA5471F90D58500E1DEE7;
			productRefGroup = CFDFA5511F90D58500E1DEE7 /* Products */;
			projectDirPath = "";
			projectRoot = "";
			targets = (
				CFDFA54F1F90D58500E1DEE7 /* myfirstapp */,
			);
		};
/* End PBXProject section */

/* Begin PBXResourcesBuildPhase section */
		CFDFA54E1F90D58500E1DEE7 /* Resources */ = {
			isa = PBXResourcesBuildPhase;
			buildActionMask = 2147483647;
			files = (
				CFDFA5601F90D58600E1DEE7 /* LaunchScreen.storyboard in Resources */,
				CFDFA55D1F90D58600E1DEE7 /* Assets.xcassets in Resources */,
				CFDFA55B1F90D58600E1DEE7 /* Main.storyboard in Resources */,
			);
			runOnlyForDeploymentPostprocessing = 0;
		};
/* End PBXResourcesBuildPhase section */

/* Begin PBXSourcesBuildPhase section */
		CFDFA54C1F90D58500E1DEE7 /* Sources */ = {
			isa = PBXSourcesBuildPhase;
			buildActionMask = 2147483647;
			files = (
				CFDFA5581F90D58600E1DEE7 /* ViewController.m in Sources */,
				CFFA40E91F937B75004818CD /* animal.m in Sources */,
				CFFA40E61F934FEA004818CD /* Student2.m in Sources */,
				CFDFA5631F90D58600E1DEE7 /* main.m in Sources */,
				CFDFA5551F90D58600E1DEE7 /* AppDelegate.m in Sources */,
			);
			runOnlyForDeploymentPostprocessing = 0;
		};
/* End PBXSourcesBuildPhase section */

/* Begin PBXVariantGroup section */
		CFDFA5591F90D58600E1DEE7 /* Main.storyboard */ = {
			isa = PBXVariantGroup;
			children = (
				CFDFA55A1F90D58600E1DEE7 /* Base */,
			);
			name = Main.storyboard;
			sourceTree = "<group>";
		};
		CFDFA55E1F90D58600E1DEE7 /* LaunchScreen.storyboard */ = {
			isa = PBXVariantGroup;
			children = (
				CFDFA55F1F90D58600E1DEE7 /* Base */,
			);
			name = LaunchScreen.storyboard;
			sourceTree = "<group>";
		};
/* End PBXVariantGroup section */

/* Begin XCBuildConfiguration section */
		CFDFA5641F90D58600E1DEE7 /* Debug */ = {
			isa = XCBuildConfiguration;
			buildSettings = {
				ALWAYS_SEARCH_USER_PATHS = NO;
				CLANG_ANALYZER_NONNULL = YES;
				CLANG_ANALYZER_NUMBER_OBJECT_CONVERSION = YES_AGGRESSIVE;
				CLANG_CXX_LANGUAGE_STANDARD = "gnu++14";
				CLANG_CXX_LIBRARY = "libc++";
				CLANG_ENABLE_MODULES = YES;
				CLANG_ENABLE_OBJC_ARC = YES;
				CLANG_WARN_BLOCK_CAPTURE_AUTORELEASING = YES;
				CLANG_WARN_BOOL_CONVERSION = YES;
				CLANG_WARN_COMMA = YES;
				CLANG_WARN_CONSTANT_CONVERSION = YES;
				CLANG_WARN_DIRECT_OBJC_ISA_USAGE = YES_ERROR;
				CLANG_WARN_DOCUMENTATION_COMMENTS = YES;
				CLANG_WARN_EMPTY_BODY = YES;
				CLANG_WARN_ENUM_CONVERSION = YES;
				CLANG_WARN_INFINITE_RECURSION = YES;
				CLANG_WARN_INT_CONVERSION = YES;
				CLANG_WARN_NON_LITERAL_NULL_CONVERSION = YES;
				CLANG_WARN_OBJC_LITERAL_CONVERSION = YES;
				CLANG_WARN_OBJC_ROOT_CLASS = YES_ERROR;
				CLANG_WARN_RANGE_LOOP_ANALYSIS = YES;
				CLANG_WARN_STRICT_PROTOTYPES = YES;
				CLANG_WARN_SUSPICIOUS_MOVE = YES;
				CLANG_WARN_UNGUARDED_AVAILABILITY = YES_AGGRESSIVE;
				CLANG_WARN_UNREACHABLE_CODE = YES;
				CLANG_WARN__DUPLICATE_METHOD_MATCH = YES;
				CODE_SIGN_IDENTITY = "iPhone Developer";
				COPY_PHASE_STRIP = NO;
				DEBUG_INFORMATION_FORMAT = dwarf;
				ENABLE_STRICT_OBJC_MSGSEND = YES;
				ENABLE_TESTABILITY = YES;
				GCC_C_LANGUAGE_STANDARD = gnu11;
				GCC_DYNAMIC_NO_PIC = NO;
				GCC_NO_COMMON_BLOCKS = YES;
				GCC_OPTIMIZATION_LEVEL = 0;
				GCC_PREPROCESSOR_DEFINITIONS = (
					"DEBUG=1",
					"$(inherited)",
				);
				GCC_WARN_64_TO_32_BIT_CONVERSION = YES;
				GCC_WARN_ABOUT_RETURN_TYPE = YES_ERROR;
				GCC_WARN_UNDECLARED_SELECTOR = YES;
				GCC_WARN_UNINITIALIZED_AUTOS = YES_AGGRESSIVE;
				GCC_WARN_UNUSED_FUNCTION = YES;
				GCC_WARN_UNUSED_VARIABLE = YES;
				IPHONEOS_DEPLOYMENT_TARGET = 11.0;
				MTL_ENABLE_DEBUG_INFO = YES;
				ONLY_ACTIVE_ARCH = YES;
				SDKROOT = iphoneos;
			};
			name = Debug;
		};
		CFDFA5651F90D58600E1DEE7 /* Release */ = {
			isa = XCBuildConfiguration;
			buildSettings = {
				ALWAYS_SEARCH_USER_PATHS = NO;
				CLANG_ANALYZER_NONNULL = YES;
				CLANG_ANALYZER_NUMBER_OBJECT_CONVERSION = YES_AGGRESSIVE;
				CLANG_CXX_LANGUAGE_STANDARD = "gnu++14";
				CLANG_CXX_LIBRARY = "libc++";
				CLANG_ENABLE_MODULES = YES;
				CLANG_ENABLE_OBJC_ARC = YES;
				CLANG_WARN_BLOCK_CAPTURE_AUTORELEASING = YES;
				CLANG_WARN_BOOL_CONVERSION = YES;
				CLANG_WARN_COMMA = YES;
				CLANG_WARN_CONSTANT_CONVERSION = YES;
				CLANG_WARN_DIRECT_OBJC_ISA_USAGE = YES_ERROR;
				CLANG_WARN_DOCUMENTATION_COMMENTS = YES;
				CLANG_WARN_EMPTY_BODY = YES;
				CLANG_WARN_ENUM_CONVERSION = YES;
				CLANG_WARN_INFINITE_RECURSION = YES;
				CLANG_WARN_INT_CONVERSION = YES;
				CLANG_WARN_NON_LITERAL_NULL_CONVERSION = YES;
				CLANG_WARN_OBJC_LITERAL_CONVERSION = YES;
				CLANG_WARN_OBJC_ROOT_CLASS = YES_ERROR;
				CLANG_WARN_RANGE_LOOP_ANALYSIS = YES;
				CLANG_WARN_STRICT_PROTOTYPES = YES;
				CLANG_WARN_SUSPICIOUS_MOVE = YES;
				CLANG_WARN_UNGUARDED_AVAILABILITY = YES_AGGRESSIVE;
				CLANG_WARN_UNREACHABLE_CODE = YES;
				CLANG_WARN__DUPLICATE_METHOD_MATCH = YES;
				CODE_SIGN_IDENTITY = "iPhone Developer";
				COPY_PHASE_STRIP = NO;
				DEBUG_INFORMATION_FORMAT = "dwarf-with-dsym";
				ENABLE_NS_ASSERTIONS = NO;
				ENABLE_STRICT_OBJC_MSGSEND = YES;
				GCC_C_LANGUAGE_STANDARD = gnu11;
				GCC_NO_COMMON_BLOCKS = YES;
				GCC_WARN_64_TO_32_BIT_CONVERSION = YES;
				GCC_WARN_ABOUT_RETURN_TYPE = YES_ERROR;
				GCC_WARN_UNDECLARED_SELECTOR = YES;
				GCC_WARN_UNINITIALIZED_AUTOS = YES_AGGRESSIVE;
				GCC_WARN_UNUSED_FUNCTION = YES;
				GCC_WARN_UNUSED_VARIABLE = YES;
				IPHONEOS_DEPLOYMENT_TARGET = 11.0;
				MTL_ENABLE_DEBUG_INFO = NO;
				SDKROOT = iphoneos;
				VALIDATE_PRODUCT = YES;
			};
			name = Release;
		};
		CFDFA5671F90D58600E1DEE7 /* Debug */ = {
			isa = XCBuildConfiguration;
			buildSettings = {
				ASSETCATALOG_COMPILER_APPICON_NAME = AppIcon;
				CODE_SIGN_STYLE = Automatic;
				INFOPLIST_FILE = myfirstapp/Info.plist;
				LD_RUNPATH_SEARCH_PATHS = "$(inherited) @executable_path/Frameworks";
				PRODUCT_BUNDLE_IDENTIFIER = iphone.book.myfirstapp;
				PRODUCT_NAME = "$(TARGET_NAME)";
				TARGETED_DEVICE_FAMILY = "1,2";
			};
			name = Debug;
		};
		CFDFA5681F90D58600E1DEE7 /* Release */ = {
			isa = XCBuildConfiguration;
			buildSettings = {
				ASSETCATALOG_COMPILER_APPICON_NAME = AppIcon;
				CODE_SIGN_STYLE = Automatic;
				INFOPLIST_FILE = myfirstapp/Info.plist;
				LD_RUNPATH_SEARCH_PATHS = "$(inherited) @executable_path/Frameworks";
				PRODUCT_BUNDLE_IDENTIFIER = iphone.book.myfirstapp;
				PRODUCT_NAME = "$(TARGET_NAME)";
				TARGETED_DEVICE_FAMILY = "1,2";
			};
			name = Release;
		};
/* End XCBuildConfiguration section */

/* Begin XCConfigurationList section */
		CFDFA54B1F90D58500E1DEE7 /* Build configuration list for PBXProject "myfirstapp" */ = {
			isa = XCConfigurationList;
			buildConfigurations = (
				CFDFA5641F90D58600E1DEE7 /* Debug */,
				CFDFA5651F90D58600E1DEE7 /* Release */,
			);
			defaultConfigurationIsVisible = 0;
			defaultConfigurationName = Release;
		};
		CFDFA5661F90D58600E1DEE7 /* Build configuration list for PBXNativeTarget "myfirstapp" */ = {
			isa = XCConfigurationList;
			buildConfigurations = (
				CFDFA5671F90D58600E1DEE7 /* Debug */,
				CFDFA5681F90D58600E1DEE7 /* Release */,
			);
			defaultConfigurationIsVisible = 0;
			defaultConfigurationName = Release;
		};
/* End XCConfigurationList section */
	};
	rootObject = CFDFA5481F90D58500E1DEE7 /* Project object */;
}
